
Microsoft Visual Studio Solution File, Format Version 11.00
# Visual Studio 2010
Project("{FAE04EC0-301F-11D3-BF4B-00C04F79EFBC}") = "AppXToolScript", "AppXToolScript\AppXToolScript.csproj", "{A45A829B-470E-445A-8C51-A74E05342565}"
EndProject
Global
	GlobalSection(SolutionConfigurationPlatforms) = preSolution
		Debug|x86 = Debug|x86
		Release|x86 = Release|x86
	EndGlobalSection
	GlobalSection(ProjectConfigurationPlatforms) = postSolution
		{A45A829B-470E-445A-8C51-A74E05342565}.Debug|x86.ActiveCfg = Debug|x86
		{A45A829B-470E-445A-8C51-A74E05342565}.Debug|x86.Build.0 = Debug|x86
		{A45A829B-470E-445A-8C51-A74E05342565}.Release|x86.ActiveCfg = Release|x86
		{A45A829B-470E-445A-8C51-A74E05342565}.Release|x86.Build.0 = Release|x86
	EndGlobalSection
	GlobalSection(SolutionProperties) = preSolution
		HideSolutionNode = FALSE
	EndGlobalSection
EndGlobal
